
Microsoft Visual Studio Solution File, Format Version 12.00
# Visual Studio Version 17
VisualStudioVersion = 17.7.34221.43
MinimumVisualStudioVersion = 10.0.40219.1
Project("{8BC9CEB8-8B4A-11D0-8D11-00A0C91BC942}") = "tempSens", "tempSens\tempSens.vcxproj", "{F74DB472-6C92-45FA-850C-8530E4F25FA3}"
EndProject
Project("{8BC9CEB8-8B4A-11D0-8D11-00A0C91BC942}") = "geometry", "geometry\geometry.vcxproj", "{A736A760-7469-474F-8F47-8DF1C0AFB962}"
EndProject
Project("{8BC9CEB8-8B4A-11D0-8D11-00A0C91BC942}") = "chess", "chess\chess.vcxproj", "{8D90DB4D-9EC7-45CE-81E3-1354EF03E2BB}"
EndProject
Project("{8BC9CEB8-8B4A-11D0-8D11-00A0C91BC942}") = "animals_poly", "Animals_poly\Animals_poly.vcxproj", "{2F87FAD3-F40D-4077-8D91-28011869CFE7}"
EndProject
Project("{8BC9CEB8-8B4A-11D0-8D11-00A0C91BC942}") = "geo_poly", "geo_poly\geo_poly.vcxproj", "{FFC68BF6-99DC-46DA-824D-C38E81D3AFB8}"
EndProject
Global
	GlobalSection(SolutionConfigurationPlatforms) = preSolution
		Debug|x64 = Debug|x64
		Debug|x86 = Debug|x86
		Release|x64 = Release|x64
		Release|x86 = Release|x86
	EndGlobalSection
	GlobalSection(ProjectConfigurationPlatforms) = postSolution
		{F74DB472-6C92-45FA-850C-8530E4F25FA3}.Debug|x64.ActiveCfg = Debug|x64
		{F74DB472-6C92-45FA-850C-8530E4F25FA3}.Debug|x64.Build.0 = Debug|x64
		{F74DB472-6C92-45FA-850C-8530E4F25FA3}.Debug|x86.ActiveCfg = Debug|Win32
		{F74DB472-6C92-45FA-850C-8530E4F25FA3}.Debug|x86.Build.0 = Debug|Win32
		{F74DB472-6C92-45FA-850C-8530E4F25FA3}.Release|x64.ActiveCfg = Release|x64
		{F74DB472-6C92-45FA-850C-8530E4F25FA3}.Release|x64.Build.0 = Release|x64
		{F74DB472-6C92-45FA-850C-8530E4F25FA3}.Release|x86.ActiveCfg = Release|Win32
		{F74DB472-6C92-45FA-850C-8530E4F25FA3}.Release|x86.Build.0 = Release|Win32
		{A736A760-7469-474F-8F47-8DF1C0AFB962}.Debug|x64.ActiveCfg = Debug|x64
		{A736A760-7469-474F-8F47-8DF1C0AFB962}.Debug|x64.Build.0 = Debug|x64
		{A736A760-7469-474F-8F47-8DF1C0AFB962}.Debug|x86.ActiveCfg = Debug|Win32
		{A736A760-7469-474F-8F47-8DF1C0AFB962}.Debug|x86.Build.0 = Debug|Win32
		{A736A760-7469-474F-8F47-8DF1C0AFB962}.Release|x64.ActiveCfg = Release|x64
		{A736A760-7469-474F-8F47-8DF1C0AFB962}.Release|x64.Build.0 = Release|x64
		{A736A760-7469-474F-8F47-8DF1C0AFB962}.Release|x86.ActiveCfg = Release|Win32
		{A736A760-7469-474F-8F47-8DF1C0AFB962}.Release|x86.Build.0 = Release|Win32
		{8D90DB4D-9EC7-45CE-81E3-1354EF03E2BB}.Debug|x64.ActiveCfg = Debug|x64
		{8D90DB4D-9EC7-45CE-81E3-1354EF03E2BB}.Debug|x64.Build.0 = Debug|x64
		{8D90DB4D-9EC7-45CE-81E3-1354EF03E2BB}.Debug|x86.ActiveCfg = Debug|Win32
		{8D90DB4D-9EC7-45CE-81E3-1354EF03E2BB}.Debug|x86.Build.0 = Debug|Win32
		{8D90DB4D-9EC7-45CE-81E3-1354EF03E2BB}.Release|x64.ActiveCfg = Release|x64
		{8D90DB4D-9EC7-45CE-81E3-1354EF03E2BB}.Release|x64.Build.0 = Release|x64
		{8D90DB4D-9EC7-45CE-81E3-1354EF03E2BB}.Release|x86.ActiveCfg = Release|Win32
		{8D90DB4D-9EC7-45CE-81E3-1354EF03E2BB}.Release|x86.Build.0 = Release|Win32
		{2F87FAD3-F40D-4077-8D91-28011869CFE7}.Debug|x64.ActiveCfg = Debug|x64
		{2F87FAD3-F40D-4077-8D91-28011869CFE7}.Debug|x64.Build.0 = Debug|x64
		{2F87FAD3-F40D-4077-8D91-28011869CFE7}.Debug|x86.ActiveCfg = Debug|Win32
		{2F87FAD3-F40D-4077-8D91-28011869CFE7}.Debug|x86.Build.0 = Debug|Win32
		{2F87FAD3-F40D-4077-8D91-28011869CFE7}.Release|x64.ActiveCfg = Release|x64
		{2F87FAD3-F40D-4077-8D91-28011869CFE7}.Release|x64.Build.0 = Release|x64
		{2F87FAD3-F40D-4077-8D91-28011869CFE7}.Release|x86.ActiveCfg = Release|Win32
		{2F87FAD3-F40D-4077-8D91-28011869CFE7}.Release|x86.Build.0 = Release|Win32
		{FFC68BF6-99DC-46DA-824D-C38E81D3AFB8}.Debug|x64.ActiveCfg = Debug|x64
		{FFC68BF6-99DC-46DA-824D-C38E81D3AFB8}.Debug|x64.Build.0 = Debug|x64
		{FFC68BF6-99DC-46DA-824D-C38E81D3AFB8}.Debug|x86.ActiveCfg = Debug|Win32
		{FFC68BF6-99DC-46DA-824D-C38E81D3AFB8}.Debug|x86.Build.0 = Debug|Win32
		{FFC68BF6-99DC-46DA-824D-C38E81D3AFB8}.Release|x64.ActiveCfg = Release|x64
		{FFC68BF6-99DC-46DA-824D-C38E81D3AFB8}.Release|x64.Build.0 = Release|x64
		{FFC68BF6-99DC-46DA-824D-C38E81D3AFB8}.Release|x86.ActiveCfg = Release|Win32
		{FFC68BF6-99DC-46DA-824D-C38E81D3AFB8}.Release|x86.Build.0 = Release|Win32
	EndGlobalSection
	GlobalSection(SolutionProperties) = preSolution
		HideSolutionNode = FALSE
	EndGlobalSection
	GlobalSection(ExtensibilityGlobals) = postSolution
		SolutionGuid = {037697AC-8639-4613-BA0F-EA17CA0A4744}
	EndGlobalSection
EndGlobal
